
Microsoft Visual Studio Solution File, Format Version 12.00
# Visual Studio Version 16
VisualStudioVersion = 16.0.30104.148
MinimumVisualStudioVersion = 10.0.40219.1
Project("{9A19103F-16F7-4668-BE54-9A1E7A4F7556}") = "Nefa", "Nefa\Nefa.csproj", "{09A69C72-8C37-4380-92E1-BEFD7C8291B9}"
EndProject
Global
	GlobalSection(SolutionConfigurationPlatforms) = preSolution
		Debug|Any CPU = Debug|Any CPU
		Release|Any CPU = Release|Any CPU
	EndGlobalSection
	GlobalSection(ProjectConfigurationPlatforms) = postSolution
		{09A69C72-8C37-4380-92E1-BEFD7C8291B9}.Debug|Any CPU.ActiveCfg = Debug|Any CPU
		{09A69C72-8C37-4380-92E1-BEFD7C8291B9}.Debug|Any CPU.Build.0 = Debug|Any CPU
		{09A69C72-8C37-4380-92E1-BEFD7C8291B9}.Release|Any CPU.ActiveCfg = Release|Any CPU
		{09A69C72-8C37-4380-92E1-BEFD7C8291B9}.Release|Any CPU.Build.0 = Release|Any CPU
	EndGlobalSection
	GlobalSection(SolutionProperties) = preSolution
		HideSolutionNode = FALSE
	EndGlobalSection
	GlobalSection(ExtensibilityGlobals) = postSolution
		SolutionGuid = {DD42CC88-0CE9-43B9-8665-1C21BAD0E53B}
	EndGlobalSection
EndGlobal
